// !$*UTF8*$!
{
	archiveVersion = 1;
	classes = {
	};
	objectVersion = 46;
	objects = {

/* Begin PBXBuildFile section */
		2FD8ADB42C7B5C62873AA3B7 /* Pods_tvOS_Example.framework in Frameworks */ = {isa = PBXBuildFile; fileRef = 00F31D1BFDA0A7E0A409D4B5 /* Pods_tvOS_Example.framework */; };
		47FEC1FFFF66B4FAEEAEC5F1 /* Pods_macOS_Example.framework in Frameworks */ = {isa = PBXBuildFile; fileRef = 995236C9C90E2A3CC5006ACA /* Pods_macOS_Example.framework */; };
		8EC8DB6B066DB57D6E146D12 /* Pods_watchOS_Example_Extension.framework in Frameworks */ = {isa = PBXBuildFile; fileRef = 06BFA7819E4AF314F12BF030 /* Pods_watchOS_Example_Extension.framework */; };
		98B36BAAD184EF0811B8A6D3 /* Pods_iOS_Example.framework in Frameworks */ = {isa = PBXBuildFile; fileRef = B79930B6C25F8AB8A725F198 /* Pods_iOS_Example.framework */; };
		9B5ECA288B0EAF32DA2E4D01 /* Pods_watchOS_Example.framework in Frameworks */ = {isa = PBXBuildFile; fileRef = CAFF3C645181BEEBBEC9FAF5 /* Pods_watchOS_Example.framework */; };
		B34D545623E3645C00C08B30 /* versions.plist in Resources */ = {isa = PBXBuildFile; fileRef = B34D545523E3645C00C08B30 /* versions.plist */; };
		B34D545723E3645C00C08B30 /* versions.plist in Resources */ = {isa = PBXBuildFile; fileRef = B34D545523E3645C00C08B30 /* versions.plist */; };
		B34D545823E3645C00C08B30 /* versions.plist in Resources */ = {isa = PBXBuildFile; fileRef = B34D545523E3645C00C08B30 /* versions.plist */; };
		B34D545923E3645C00C08B30 /* versions.plist in Resources */ = {isa = PBXBuildFile; fileRef = B34D545523E3645C00C08B30 /* versions.plist */; };
		B34D545A23E3645C00C08B30 /* versions.plist in Resources */ = {isa = PBXBuildFile; fileRef = B34D545523E3645C00C08B30 /* versions.plist */; };
		B378409D1D92CD7F008FE737 /* Interface.storyboard in Resources */ = {isa = PBXBuildFile; fileRef = B378409B1D92CD7F008FE737 /* Interface.storyboard */; };
		B378409F1D92CD7F008FE737 /* Assets.xcassets in Resources */ = {isa = PBXBuildFile; fileRef = B378409E1D92CD7F008FE737 /* Assets.xcassets */; };
		B37840A61D92CD7F008FE737 /* watchOS Example Extension.appex in Embed App Extensions */ = {isa = PBXBuildFile; fileRef = B37840A51D92CD7F008FE737 /* watchOS Example Extension.appex */; settings = {ATTRIBUTES = (RemoveHeadersOnCopy, ); }; };
		B37840AB1D92CD7F008FE737 /* InterfaceController.swift in Sources */ = {isa = PBXBuildFile; fileRef = B37840AA1D92CD7F008FE737 /* InterfaceController.swift */; };
		B37840AD1D92CD7F008FE737 /* ExtensionDelegate.swift in Sources */ = {isa = PBXBuildFile; fileRef = B37840AC1D92CD7F008FE737 /* ExtensionDelegate.swift */; };
		B37840AF1D92CD7F008FE737 /* Assets.xcassets in Resources */ = {isa = PBXBuildFile; fileRef = B37840AE1D92CD7F008FE737 /* Assets.xcassets */; };
		B37840B31D92CD7F008FE737 /* watchOS Example.app in Embed Watch Content */ = {isa = PBXBuildFile; fileRef = B37840991D92CD7F008FE737 /* watchOS Example.app */; };
		B37840BD1D92D0FC008FE737 /* RowController.swift in Sources */ = {isa = PBXBuildFile; fileRef = B37840BC1D92D0FC008FE737 /* RowController.swift */; };
		B37840BF1D92D19A008FE737 /* Version.Array.swift in Sources */ = {isa = PBXBuildFile; fileRef = B37840BE1D92D19A008FE737 /* Version.Array.swift */; };
		B37840C01D92D19A008FE737 /* Version.Array.swift in Sources */ = {isa = PBXBuildFile; fileRef = B37840BE1D92D19A008FE737 /* Version.Array.swift */; };
		B37840C11D92D1C1008FE737 /* VCS.swift in Sources */ = {isa = PBXBuildFile; fileRef = B3DA72601D91A19800C95C36 /* VCS.swift */; };
		B37840F41D932E3E008FE737 /* AppDelegate.swift in Sources */ = {isa = PBXBuildFile; fileRef = B37840F31D932E3E008FE737 /* AppDelegate.swift */; };
		B37840F61D932E3E008FE737 /* ViewController.swift in Sources */ = {isa = PBXBuildFile; fileRef = B37840F51D932E3E008FE737 /* ViewController.swift */; };
		B37840F91D932E3E008FE737 /* Main.storyboard in Resources */ = {isa = PBXBuildFile; fileRef = B37840F71D932E3E008FE737 /* Main.storyboard */; };
		B37840FB1D932E3E008FE737 /* Assets.xcassets in Resources */ = {isa = PBXBuildFile; fileRef = B37840FA1D932E3E008FE737 /* Assets.xcassets */; };
		B37841041D932F31008FE737 /* VCS.swift in Sources */ = {isa = PBXBuildFile; fileRef = B3DA72601D91A19800C95C36 /* VCS.swift */; };
		B37841051D932F31008FE737 /* Version.Array.swift in Sources */ = {isa = PBXBuildFile; fileRef = B37840BE1D92D19A008FE737 /* Version.Array.swift */; };
		B3D7C8781D931FEC0083D5B6 /* AppDelegate.swift in Sources */ = {isa = PBXBuildFile; fileRef = B3D7C8771D931FEC0083D5B6 /* AppDelegate.swift */; };
		B3D7C87A1D931FEC0083D5B6 /* ViewController.swift in Sources */ = {isa = PBXBuildFile; fileRef = B3D7C8791D931FEC0083D5B6 /* ViewController.swift */; };
		B3D7C87C1D931FEC0083D5B6 /* Assets.xcassets in Resources */ = {isa = PBXBuildFile; fileRef = B3D7C87B1D931FEC0083D5B6 /* Assets.xcassets */; };
		B3D7C87F1D931FEC0083D5B6 /* Main.storyboard in Resources */ = {isa = PBXBuildFile; fileRef = B3D7C87D1D931FEC0083D5B6 /* Main.storyboard */; };
		B3D7C8841D9321FB0083D5B6 /* Version.Array.swift in Sources */ = {isa = PBXBuildFile; fileRef = B37840BE1D92D19A008FE737 /* Version.Array.swift */; };
		B3D7C88B1D9322E90083D5B6 /* VCS.swift in Sources */ = {isa = PBXBuildFile; fileRef = B3DA72601D91A19800C95C36 /* VCS.swift */; };
		B3DA72611D91A19800C95C36 /* VCS.swift in Sources */ = {isa = PBXBuildFile; fileRef = B3DA72601D91A19800C95C36 /* VCS.swift */; };
		D95E1C451D88E71A00F94976 /* AppDelegate.swift in Sources */ = {isa = PBXBuildFile; fileRef = D95E1C441D88E71A00F94976 /* AppDelegate.swift */; };
		D95E1C471D88E71A00F94976 /* ViewController.swift in Sources */ = {isa = PBXBuildFile; fileRef = D95E1C461D88E71A00F94976 /* ViewController.swift */; };
		D95E1C4A1D88E71A00F94976 /* Main.storyboard in Resources */ = {isa = PBXBuildFile; fileRef = D95E1C481D88E71A00F94976 /* Main.storyboard */; };
		D95E1C4C1D88E71A00F94976 /* Assets.xcassets in Resources */ = {isa = PBXBuildFile; fileRef = D95E1C4B1D88E71A00F94976 /* Assets.xcassets */; };
		D95E1C4F1D88E71A00F94976 /* LaunchScreen.storyboard in Resources */ = {isa = PBXBuildFile; fileRef = D95E1C4D1D88E71A00F94976 /* LaunchScreen.storyboard */; };
/* End PBXBuildFile section */

/* Begin PBXContainerItemProxy section */
		B37840A71D92CD7F008FE737 /* PBXContainerItemProxy */ = {
			isa = PBXContainerItemProxy;
			containerPortal = D95E1C391D88E71A00F94976 /* Project object */;
			proxyType = 1;
			remoteGlobalIDString = B37840A41D92CD7F008FE737;
			remoteInfo = "watchOS Example Extension";
		};
		B37840B11D92CD7F008FE737 /* PBXContainerItemProxy */ = {
			isa = PBXContainerItemProxy;
			containerPortal = D95E1C391D88E71A00F94976 /* Project object */;
			proxyType = 1;
			remoteGlobalIDString = B37840981D92CD7F008FE737;
			remoteInfo = "watchOS Example";
		};
/* End PBXContainerItemProxy section */

/* Begin PBXCopyFilesBuildPhase section */
		B37840B91D92CD7F008FE737 /* Embed App Extensions */ = {
			isa = PBXCopyFilesBuildPhase;
			buildActionMask = 2147483647;
			dstPath = "";
			dstSubfolderSpec = 13;
			files = (
				B37840A61D92CD7F008FE737 /* watchOS Example Extension.appex in Embed App Extensions */,
			);
			name = "Embed App Extensions";
			runOnlyForDeploymentPostprocessing = 0;
		};
		B37840BB1D92CD7F008FE737 /* Embed Watch Content */ = {
			isa = PBXCopyFilesBuildPhase;
			buildActionMask = 2147483647;
			dstPath = "$(CONTENTS_FOLDER_PATH)/Watch";
			dstSubfolderSpec = 16;
			files = (
				B37840B31D92CD7F008FE737 /* watchOS Example.app in Embed Watch Content */,
			);
			name = "Embed Watch Content";
			runOnlyForDeploymentPostprocessing = 0;
		};
		B37840C51D92D346008FE737 /* Embed Frameworks */ = {
			isa = PBXCopyFilesBuildPhase;
			buildActionMask = 2147483647;
			dstPath = "";
			dstSubfolderSpec = 10;
			files = (
			);
			name = "Embed Frameworks";
			runOnlyForDeploymentPostprocessing = 0;
		};
		B37841031D932EA7008FE737 /* Embed Frameworks */ = {
			isa = PBXCopyFilesBuildPhase;
			buildActionMask = 2147483647;
			dstPath = "";
			dstSubfolderSpec = 10;
			files = (
			);
			name = "Embed Frameworks";
			runOnlyForDeploymentPostprocessing = 0;
		};
		B3D7C8891D9322370083D5B6 /* Embed Frameworks */ = {
			isa = PBXCopyFilesBuildPhase;
			buildActionMask = 2147483647;
			dstPath = "";
			dstSubfolderSpec = 10;
			files = (
			);
			name = "Embed Frameworks";
			runOnlyForDeploymentPostprocessing = 0;
		};
		B3DA726A1D91AAB200C95C36 /* Embed Frameworks */ = {
			isa = PBXCopyFilesBuildPhase;
			buildActionMask = 2147483647;
			dstPath = "";
			dstSubfolderSpec = 10;
			files = (
			);
			name = "Embed Frameworks";
			runOnlyForDeploymentPostprocessing = 0;
		};
/* End PBXCopyFilesBuildPhase section */

/* Begin PBXFileReference section */
		00F31D1BFDA0A7E0A409D4B5 /* Pods_tvOS_Example.framework */ = {isa = PBXFileReference; explicitFileType = wrapper.framework; includeInIndex = 0; path = Pods_tvOS_Example.framework; sourceTree = BUILT_PRODUCTS_DIR; };
		06BFA7819E4AF314F12BF030 /* Pods_watchOS_Example_Extension.framework */ = {isa = PBXFileReference; explicitFileType = wrapper.framework; includeInIndex = 0; path = Pods_watchOS_Example_Extension.framework; sourceTree = BUILT_PRODUCTS_DIR; };
		0A04251099EEA9305D9B08B1 /* Pods-watchOS Example Extension.release.xcconfig */ = {isa = PBXFileReference; includeInIndex = 1; lastKnownFileType = text.xcconfig; name = "Pods-watchOS Example Extension.release.xcconfig"; path = "Target Support Files/Pods-watchOS Example Extension/Pods-watchOS Example Extension.release.xcconfig"; sourceTree = "<group>"; };
		14EDFA9B6027F153D60DE6C7 /* Pods-watchOS Example.release.xcconfig */ = {isa = PBXFileReference; includeInIndex = 1; lastKnownFileType = text.xcconfig; name = "Pods-watchOS Example.release.xcconfig"; path = "Target Support Files/Pods-watchOS Example/Pods-watchOS Example.release.xcconfig"; sourceTree = "<group>"; };
		1B646049CA5DA281E7D5552B /* Pods-iOS Example.debug.xcconfig */ = {isa = PBXFileReference; includeInIndex = 1; lastKnownFileType = text.xcconfig; name = "Pods-iOS Example.debug.xcconfig"; path = "Target Support Files/Pods-iOS Example/Pods-iOS Example.debug.xcconfig"; sourceTree = "<group>"; };
		26CBE885A90EA2C8B34FB210 /* Pods-watchOS Example Extension.debug.xcconfig */ = {isa = PBXFileReference; includeInIndex = 1; lastKnownFileType = text.xcconfig; name = "Pods-watchOS Example Extension.debug.xcconfig"; path = "Target Support Files/Pods-watchOS Example Extension/Pods-watchOS Example Extension.debug.xcconfig"; sourceTree = "<group>"; };
		33778E3E335F72E2872991C8 /* Pods-tvOS Example.debug.xcconfig */ = {isa = PBXFileReference; includeInIndex = 1; lastKnownFileType = text.xcconfig; name = "Pods-tvOS Example.debug.xcconfig"; path = "Target Support Files/Pods-tvOS Example/Pods-tvOS Example.debug.xcconfig"; sourceTree = "<group>"; };
		91CDB837B9883524B24D3E74 /* Pods-macOS Example.release.xcconfig */ = {isa = PBXFileReference; includeInIndex = 1; lastKnownFileType = text.xcconfig; name = "Pods-macOS Example.release.xcconfig"; path = "Target Support Files/Pods-macOS Example/Pods-macOS Example.release.xcconfig"; sourceTree = "<group>"; };
		920A89F94E8AA474C3F8A075 /* Pods-iOS Example.release.xcconfig */ = {isa = PBXFileReference; includeInIndex = 1; lastKnownFileType = text.xcconfig; name = "Pods-iOS Example.release.xcconfig"; path = "Target Support Files/Pods-iOS Example/Pods-iOS Example.release.xcconfig"; sourceTree = "<group>"; };
		995236C9C90E2A3CC5006ACA /* Pods_macOS_Example.framework */ = {isa = PBXFileReference; explicitFileType = wrapper.framework; includeInIndex = 0; path = Pods_macOS_Example.framework; sourceTree = BUILT_PRODUCTS_DIR; };
		B34D545523E3645C00C08B30 /* versions.plist */ = {isa = PBXFileReference; lastKnownFileType = text.plist; name = versions.plist; path = Shared/versions.plist; sourceTree = SOURCE_ROOT; };
		B37840991D92CD7F008FE737 /* watchOS Example.app */ = {isa = PBXFileReference; explicitFileType = wrapper.application; includeInIndex = 0; path = "watchOS Example.app"; sourceTree = BUILT_PRODUCTS_DIR; };
		B378409C1D92CD7F008FE737 /* Base */ = {isa = PBXFileReference; lastKnownFileType = file.storyboard; name = Base; path = Base.lproj/Interface.storyboard; sourceTree = "<group>"; };
		B378409E1D92CD7F008FE737 /* Assets.xcassets */ = {isa = PBXFileReference; lastKnownFileType = folder.assetcatalog; path = Assets.xcassets; sourceTree = "<group>"; };
		B37840A01D92CD7F008FE737 /* Info.plist */ = {isa = PBXFileReference; lastKnownFileType = text.plist.xml; path = Info.plist; sourceTree = "<group>"; };
		B37840A51D92CD7F008FE737 /* watchOS Example Extension.appex */ = {isa = PBXFileReference; explicitFileType = "wrapper.app-extension"; includeInIndex = 0; path = "watchOS Example Extension.appex"; sourceTree = BUILT_PRODUCTS_DIR; };
		B37840AA1D92CD7F008FE737 /* InterfaceController.swift */ = {isa = PBXFileReference; lastKnownFileType = sourcecode.swift; path = InterfaceController.swift; sourceTree = "<group>"; };
		B37840AC1D92CD7F008FE737 /* ExtensionDelegate.swift */ = {isa = PBXFileReference; lastKnownFileType = sourcecode.swift; path = ExtensionDelegate.swift; sourceTree = "<group>"; };
		B37840AE1D92CD7F008FE737 /* Assets.xcassets */ = {isa = PBXFileReference; lastKnownFileType = folder.assetcatalog; path = Assets.xcassets; sourceTree = "<group>"; };
		B37840B01D92CD7F008FE737 /* Info.plist */ = {isa = PBXFileReference; lastKnownFileType = text.plist.xml; path = Info.plist; sourceTree = "<group>"; };
		B37840BC1D92D0FC008FE737 /* RowController.swift */ = {isa = PBXFileReference; fileEncoding = 4; lastKnownFileType = sourcecode.swift; path = RowController.swift; sourceTree = "<group>"; };
		B37840BE1D92D19A008FE737 /* Version.Array.swift */ = {isa = PBXFileReference; fileEncoding = 4; lastKnownFileType = sourcecode.swift; name = Version.Array.swift; path = ../Shared/Version.Array.swift; sourceTree = "<group>"; };
		B37840F11D932E3E008FE737 /* tvOS Example.app */ = {isa = PBXFileReference; explicitFileType = wrapper.application; includeInIndex = 0; path = "tvOS Example.app"; sourceTree = BUILT_PRODUCTS_DIR; };
		B37840F31D932E3E008FE737 /* AppDelegate.swift */ = {isa = PBXFileReference; lastKnownFileType = sourcecode.swift; path = AppDelegate.swift; sourceTree = "<group>"; };
		B37840F51D932E3E008FE737 /* ViewController.swift */ = {isa = PBXFileReference; lastKnownFileType = sourcecode.swift; path = ViewController.swift; sourceTree = "<group>"; };
		B37840F81D932E3E008FE737 /* Base */ = {isa = PBXFileReference; lastKnownFileType = file.storyboard; name = Base; path = Base.lproj/Main.storyboard; sourceTree = "<group>"; };
		B37840FA1D932E3E008FE737 /* Assets.xcassets */ = {isa = PBXFileReference; lastKnownFileType = folder.assetcatalog; path = Assets.xcassets; sourceTree = "<group>"; };
		B37840FC1D932E3E008FE737 /* Info.plist */ = {isa = PBXFileReference; lastKnownFileType = text.plist.xml; path = Info.plist; sourceTree = "<group>"; };
		B3D7C8751D931FEC0083D5B6 /* macOS Example.app */ = {isa = PBXFileReference; explicitFileType = wrapper.application; includeInIndex = 0; path = "macOS Example.app"; sourceTree = BUILT_PRODUCTS_DIR; };
		B3D7C8771D931FEC0083D5B6 /* AppDelegate.swift */ = {isa = PBXFileReference; lastKnownFileType = sourcecode.swift; path = AppDelegate.swift; sourceTree = "<group>"; };
		B3D7C8791D931FEC0083D5B6 /* ViewController.swift */ = {isa = PBXFileReference; lastKnownFileType = sourcecode.swift; path = ViewController.swift; sourceTree = "<group>"; };
		B3D7C87B1D931FEC0083D5B6 /* Assets.xcassets */ = {isa = PBXFileReference; lastKnownFileType = folder.assetcatalog; path = Assets.xcassets; sourceTree = "<group>"; };
		B3D7C87E1D931FEC0083D5B6 /* Base */ = {isa = PBXFileReference; lastKnownFileType = file.storyboard; name = Base; path = Base.lproj/Main.storyboard; sourceTree = "<group>"; };
		B3D7C8801D931FEC0083D5B6 /* Info.plist */ = {isa = PBXFileReference; lastKnownFileType = text.plist.xml; path = Info.plist; sourceTree = "<group>"; };
		B3DA72601D91A19800C95C36 /* VCS.swift */ = {isa = PBXFileReference; fileEncoding = 4; lastKnownFileType = sourcecode.swift; path = VCS.swift; sourceTree = "<group>"; };
		B79930B6C25F8AB8A725F198 /* Pods_iOS_Example.framework */ = {isa = PBXFileReference; explicitFileType = wrapper.framework; includeInIndex = 0; path = Pods_iOS_Example.framework; sourceTree = BUILT_PRODUCTS_DIR; };
		C8F7B60F80B88EFF6BF5B6F1 /* Pods-tvOS Example.release.xcconfig */ = {isa = PBXFileReference; includeInIndex = 1; lastKnownFileType = text.xcconfig; name = "Pods-tvOS Example.release.xcconfig"; path = "Target Support Files/Pods-tvOS Example/Pods-tvOS Example.release.xcconfig"; sourceTree = "<group>"; };
		CAFF3C645181BEEBBEC9FAF5 /* Pods_watchOS_Example.framework */ = {isa = PBXFileReference; explicitFileType = wrapper.framework; includeInIndex = 0; path = Pods_watchOS_Example.framework; sourceTree = BUILT_PRODUCTS_DIR; };
		D95E1C411D88E71A00F94976 /* iOS Example.app */ = {isa = PBXFileReference; explicitFileType = wrapper.application; includeInIndex = 0; path = "iOS Example.app"; sourceTree = BUILT_PRODUCTS_DIR; };
		D95E1C441D88E71A00F94976 /* AppDelegate.swift */ = {isa = PBXFileReference; lastKnownFileType = sourcecode.swift; path = AppDelegate.swift; sourceTree = "<group>"; };
		D95E1C461D88E71A00F94976 /* ViewController.swift */ = {isa = PBXFileReference; lastKnownFileType = sourcecode.swift; path = ViewController.swift; sourceTree = "<group>"; };
		D95E1C491D88E71A00F94976 /* Base */ = {isa = PBXFileReference; lastKnownFileType = file.storyboard; name = Base; path = Base.lproj/Main.storyboard; sourceTree = "<group>"; };
		D95E1C4B1D88E71A00F94976 /* Assets.xcassets */ = {isa = PBXFileReference; lastKnownFileType = folder.assetcatalog; path = Assets.xcassets; sourceTree = "<group>"; };
		D95E1C4E1D88E71A00F94976 /* Base */ = {isa = PBXFileReference; lastKnownFileType = file.storyboard; name = Base; path = Base.lproj/LaunchScreen.storyboard; sourceTree = "<group>"; };
		D95E1C501D88E71A00F94976 /* Info.plist */ = {isa = PBXFileReference; lastKnownFileType = text.plist.xml; path = Info.plist; sourceTree = "<group>"; };
		E6143C60BA464F9B89E58487 /* Pods-macOS Example.debug.xcconfig */ = {isa = PBXFileReference; includeInIndex = 1; lastKnownFileType = text.xcconfig; name = "Pods-macOS Example.debug.xcconfig"; path = "Target Support Files/Pods-macOS Example/Pods-macOS Example.debug.xcconfig"; sourceTree = "<group>"; };
		EE0FBD047B18B5145E0A417F /* Pods-watchOS Example.debug.xcconfig */ = {isa = PBXFileReference; includeInIndex = 1; lastKnownFileType = text.xcconfig; name = "Pods-watchOS Example.debug.xcconfig"; path = "Target Support Files/Pods-watchOS Example/Pods-watchOS Example.debug.xcconfig"; sourceTree = "<group>"; };
/* End PBXFileReference section */

/* Begin PBXFrameworksBuildPhase section */
		B37840A21D92CD7F008FE737 /* Frameworks */ = {
			isa = PBXFrameworksBuildPhase;
			buildActionMask = 2147483647;
			files = (
				8EC8DB6B066DB57D6E146D12 /* Pods_watchOS_Example_Extension.framework in Frameworks */,
			);
			runOnlyForDeploymentPostprocessing = 0;
		};
		B37840EE1D932E3E008FE737 /* Frameworks */ = {
			isa = PBXFrameworksBuildPhase;
			buildActionMask = 2147483647;
			files = (
				2FD8ADB42C7B5C62873AA3B7 /* Pods_tvOS_Example.framework in Frameworks */,
			);
			runOnlyForDeploymentPostprocessing = 0;
		};
		B3D7C8721D931FEC0083D5B6 /* Frameworks */ = {
			isa = PBXFrameworksBuildPhase;
			buildActionMask = 2147483647;
			files = (
				47FEC1FFFF66B4FAEEAEC5F1 /* Pods_macOS_Example.framework in Frameworks */,
			);
			runOnlyForDeploymentPostprocessing = 0;
		};
		C009EF1479E1AB9096291455 /* Frameworks */ = {
			isa = PBXFrameworksBuildPhase;
			buildActionMask = 2147483647;
			files = (
				9B5ECA288B0EAF32DA2E4D01 /* Pods_watchOS_Example.framework in Frameworks */,
			);
			runOnlyForDeploymentPostprocessing = 0;
		};
		D95E1C3E1D88E71A00F94976 /* Frameworks */ = {
			isa = PBXFrameworksBuildPhase;
			buildActionMask = 2147483647;
			files = (
				98B36BAAD184EF0811B8A6D3 /* Pods_iOS_Example.framework in Frameworks */,
			);
			runOnlyForDeploymentPostprocessing = 0;
		};
/* End PBXFrameworksBuildPhase section */

/* Begin PBXGroup section */
		25213B2A2CC1FA0615FFD7BA /* Pods */ = {
			isa = PBXGroup;
			children = (
				1B646049CA5DA281E7D5552B /* Pods-iOS Example.debug.xcconfig */,
				920A89F94E8AA474C3F8A075 /* Pods-iOS Example.release.xcconfig */,
				E6143C60BA464F9B89E58487 /* Pods-macOS Example.debug.xcconfig */,
				91CDB837B9883524B24D3E74 /* Pods-macOS Example.release.xcconfig */,
				33778E3E335F72E2872991C8 /* Pods-tvOS Example.debug.xcconfig */,
				C8F7B60F80B88EFF6BF5B6F1 /* Pods-tvOS Example.release.xcconfig */,
				EE0FBD047B18B5145E0A417F /* Pods-watchOS Example.debug.xcconfig */,
				14EDFA9B6027F153D60DE6C7 /* Pods-watchOS Example.release.xcconfig */,
				26CBE885A90EA2C8B34FB210 /* Pods-watchOS Example Extension.debug.xcconfig */,
				0A04251099EEA9305D9B08B1 /* Pods-watchOS Example Extension.release.xcconfig */,
			);
			path = Pods;
			sourceTree = "<group>";
		};
		B378409A1D92CD7F008FE737 /* Application */ = {
			isa = PBXGroup;
			children = (
				B378409B1D92CD7F008FE737 /* Interface.storyboard */,
				B378409E1D92CD7F008FE737 /* Assets.xcassets */,
				B37840A01D92CD7F008FE737 /* Info.plist */,
			);
			name = Application;
			path = "watchOS Example";
			sourceTree = "<group>";
		};
		B37840A91D92CD7F008FE737 /* Extension */ = {
			isa = PBXGroup;
			children = (
				B37840AA1D92CD7F008FE737 /* InterfaceController.swift */,
				B37840AC1D92CD7F008FE737 /* ExtensionDelegate.swift */,
				B37840AE1D92CD7F008FE737 /* Assets.xcassets */,
				B37840B01D92CD7F008FE737 /* Info.plist */,
				B37840BC1D92D0FC008FE737 /* RowController.swift */,
			);
			name = Extension;
			path = "watchOS Example Extension";
			sourceTree = "<group>";
		};
		B37840E21D92DA48008FE737 /* iOS */ = {
			isa = PBXGroup;
			children = (
				D95E1C441D88E71A00F94976 /* AppDelegate.swift */,
				D95E1C461D88E71A00F94976 /* ViewController.swift */,
				D95E1C481D88E71A00F94976 /* Main.storyboard */,
				D95E1C4B1D88E71A00F94976 /* Assets.xcassets */,
				D95E1C4D1D88E71A00F94976 /* LaunchScreen.storyboard */,
				D95E1C501D88E71A00F94976 /* Info.plist */,
			);
			name = iOS;
			sourceTree = "<group>";
		};
		B37840E31D92DA58008FE737 /* watchOS */ = {
			isa = PBXGroup;
			children = (
				B378409A1D92CD7F008FE737 /* Application */,
				B37840A91D92CD7F008FE737 /* Extension */,
			);
			name = watchOS;
			path = ..;
			sourceTree = "<group>";
		};
		B37840F21D932E3E008FE737 /* tvOS */ = {
			isa = PBXGroup;
			children = (
				B37840F31D932E3E008FE737 /* AppDelegate.swift */,
				B37840F51D932E3E008FE737 /* ViewController.swift */,
				B37840F71D932E3E008FE737 /* Main.storyboard */,
				B37840FA1D932E3E008FE737 /* Assets.xcassets */,
				B37840FC1D932E3E008FE737 /* Info.plist */,
			);
			name = tvOS;
			path = "../tvOS Example";
			sourceTree = "<group>";
		};
		B3D7C8761D931FEC0083D5B6 /* macOS */ = {
			isa = PBXGroup;
			children = (
				B3D7C8771D931FEC0083D5B6 /* AppDelegate.swift */,
				B3D7C8791D931FEC0083D5B6 /* ViewController.swift */,
				B3D7C87B1D931FEC0083D5B6 /* Assets.xcassets */,
				B3D7C87D1D931FEC0083D5B6 /* Main.storyboard */,
				B3D7C8801D931FEC0083D5B6 /* Info.plist */,
			);
			name = macOS;
			path = "../macOS Example";
			sourceTree = "<group>";
		};
		D95E1C381D88E71A00F94976 = {
			isa = PBXGroup;
			children = (
				D95E1C431D88E71A00F94976 /* Source */,
				D95E1C421D88E71A00F94976 /* Products */,
				D95E1C881D88F39300F94976 /* Frameworks */,
				25213B2A2CC1FA0615FFD7BA /* Pods */,
			);
			sourceTree = "<group>";
		};
		D95E1C421D88E71A00F94976 /* Products */ = {
			isa = PBXGroup;
			children = (
				D95E1C411D88E71A00F94976 /* iOS Example.app */,
				B37840991D92CD7F008FE737 /* watchOS Example.app */,
				B37840A51D92CD7F008FE737 /* watchOS Example Extension.appex */,
				B3D7C8751D931FEC0083D5B6 /* macOS Example.app */,
				B37840F11D932E3E008FE737 /* tvOS Example.app */,
			);
			name = Products;
			sourceTree = "<group>";
		};
		D95E1C431D88E71A00F94976 /* Source */ = {
			isa = PBXGroup;
			children = (
				B34D545523E3645C00C08B30 /* versions.plist */,
				B3DA72601D91A19800C95C36 /* VCS.swift */,
				B37840BE1D92D19A008FE737 /* Version.Array.swift */,
				B37840E21D92DA48008FE737 /* iOS */,
				B3D7C8761D931FEC0083D5B6 /* macOS */,
				B37840E31D92DA58008FE737 /* watchOS */,
				B37840F21D932E3E008FE737 /* tvOS */,
			);
			path = Source;
			sourceTree = "<group>";
		};
		D95E1C881D88F39300F94976 /* Frameworks */ = {
			isa = PBXGroup;
			children = (
				B79930B6C25F8AB8A725F198 /* Pods_iOS_Example.framework */,
				995236C9C90E2A3CC5006ACA /* Pods_macOS_Example.framework */,
				00F31D1BFDA0A7E0A409D4B5 /* Pods_tvOS_Example.framework */,
				CAFF3C645181BEEBBEC9FAF5 /* Pods_watchOS_Example.framework */,
				06BFA7819E4AF314F12BF030 /* Pods_watchOS_Example_Extension.framework */,
			);
			name = Frameworks;
			sourceTree = "<group>";
		};
/* End PBXGroup section */

/* Begin PBXNativeTarget section */
		B37840981D92CD7F008FE737 /* watchOS Example */ = {
			isa = PBXNativeTarget;
			buildConfigurationList = B37840BA1D92CD7F008FE737 /* Build configuration list for PBXNativeTarget "watchOS Example" */;
			buildPhases = (
				4561057E47803E16B7414854 /* [CP] Check Pods Manifest.lock */,
				B37840971D92CD7F008FE737 /* Resources */,
				B37840B91D92CD7F008FE737 /* Embed App Extensions */,
				C009EF1479E1AB9096291455 /* Frameworks */,
			);
			buildRules = (
			);
			dependencies = (
				B37840A81D92CD7F008FE737 /* PBXTargetDependency */,
			);
			name = "watchOS Example";
			productName = "watchOS Example";
			productReference = B37840991D92CD7F008FE737 /* watchOS Example.app */;
			productType = "com.apple.product-type.application.watchapp2";
		};
		B37840A41D92CD7F008FE737 /* watchOS Example Extension */ = {
			isa = PBXNativeTarget;
			buildConfigurationList = B37840B81D92CD7F008FE737 /* Build configuration list for PBXNativeTarget "watchOS Example Extension" */;
			buildPhases = (
				5601096BC743E0E2D9197514 /* [CP] Check Pods Manifest.lock */,
				B340201E1D94654A006309EA /* ShellScript */,
				B37840A11D92CD7F008FE737 /* Sources */,
				B37840A21D92CD7F008FE737 /* Frameworks */,
				B37840A31D92CD7F008FE737 /* Resources */,
				B37840C51D92D346008FE737 /* Embed Frameworks */,
				CE2E39B4AE3E2098FC18D4D1 /* [CP] Embed Pods Frameworks */,
			);
			buildRules = (
			);
			dependencies = (
			);
			name = "watchOS Example Extension";
			productName = "watchOS Example Extension";
			productReference = B37840A51D92CD7F008FE737 /* watchOS Example Extension.appex */;
			productType = "com.apple.product-type.watchkit2-extension";
		};
		B37840F01D932E3E008FE737 /* tvOS Example */ = {
			isa = PBXNativeTarget;
			buildConfigurationList = B37840FF1D932E3E008FE737 /* Build configuration list for PBXNativeTarget "tvOS Example" */;
			buildPhases = (
				84816CCD777EB7EAB079B80D /* [CP] Check Pods Manifest.lock */,
				B37841061D932F45008FE737 /* ShellScript */,
				B37840ED1D932E3E008FE737 /* Sources */,
				B37840EE1D932E3E008FE737 /* Frameworks */,
				B37840EF1D932E3E008FE737 /* Resources */,
				B37841031D932EA7008FE737 /* Embed Frameworks */,
				08DECD9A64C83B9250E39106 /* [CP] Embed Pods Frameworks */,
			);
			buildRules = (
			);
			dependencies = (
			);
			name = "tvOS Example";
			productName = "tvOS Example";
			productReference = B37840F11D932E3E008FE737 /* tvOS Example.app */;
			productType = "com.apple.product-type.application";
		};
		B3D7C8741D931FEC0083D5B6 /* macOS Example */ = {
			isa = PBXNativeTarget;
			buildConfigurationList = B3D7C8831D931FEC0083D5B6 /* Build configuration list for PBXNativeTarget "macOS Example" */;
			buildPhases = (
				C0E2FB3874E77479CC34202D /* [CP] Check Pods Manifest.lock */,
				B3D7C88A1D9322D00083D5B6 /* ShellScript */,
				B3D7C8711D931FEC0083D5B6 /* Sources */,
				B3D7C8721D931FEC0083D5B6 /* Frameworks */,
				B3D7C8731D931FEC0083D5B6 /* Resources */,
				B3D7C8891D9322370083D5B6 /* Embed Frameworks */,
				87A549DD9198F69053FC24B7 /* [CP] Embed Pods Frameworks */,
			);
			buildRules = (
			);
			dependencies = (
			);
			name = "macOS Example";
			productName = "macOS Example";
			productReference = B3D7C8751D931FEC0083D5B6 /* macOS Example.app */;
			productType = "com.apple.product-type.application";
		};
		D95E1C401D88E71A00F94976 /* iOS Example */ = {
			isa = PBXNativeTarget;
			buildConfigurationList = D95E1C531D88E71A00F94976 /* Build configuration list for PBXNativeTarget "iOS Example" */;
			buildPhases = (
				3FF77BAFC5C2DA9653920DE5 /* [CP] Check Pods Manifest.lock */,
				B3DA72621D91A1CD00C95C36 /* ShellScript */,
				D95E1C3D1D88E71A00F94976 /* Sources */,
				D95E1C3E1D88E71A00F94976 /* Frameworks */,
				D95E1C3F1D88E71A00F94976 /* Resources */,
				B3DA726A1D91AAB200C95C36 /* Embed Frameworks */,
				B37840BB1D92CD7F008FE737 /* Embed Watch Content */,
				486FFC48D617775EDD27A38E /* [CP] Embed Pods Frameworks */,
			);
			buildRules = (
			);
			dependencies = (
				B37840B21D92CD7F008FE737 /* PBXTargetDependency */,
			);
			name = "iOS Example";
			productName = "iOS Example";
			productReference = D95E1C411D88E71A00F94976 /* iOS Example.app */;
			productType = "com.apple.product-type.application";
		};
/* End PBXNativeTarget section */

/* Begin PBXProject section */
		D95E1C391D88E71A00F94976 /* Project object */ = {
			isa = PBXProject;
			attributes = {
				LastSwiftUpdateCheck = 0800;
				LastUpgradeCheck = 0800;
				ORGANIZATIONNAME = "BrightDigit, LLC";
				TargetAttributes = {
					B37840981D92CD7F008FE737 = {
						CreatedOnToolsVersion = 8.0;
						ProvisioningStyle = Manual;
					};
					B37840A41D92CD7F008FE737 = {
						CreatedOnToolsVersion = 8.0;
						ProvisioningStyle = Manual;
					};
					B37840F01D932E3E008FE737 = {
						CreatedOnToolsVersion = 8.0;
						ProvisioningStyle = Manual;
					};
					B3D7C8741D931FEC0083D5B6 = {
						CreatedOnToolsVersion = 8.0;
						DevelopmentTeam = MLT7M394S7;
						ProvisioningStyle = Automatic;
					};
					D95E1C401D88E71A00F94976 = {
						CreatedOnToolsVersion = 8.0;
						ProvisioningStyle = Manual;
					};
				};
			};
			buildConfigurationList = D95E1C3C1D88E71A00F94976 /* Build configuration list for PBXProject "Examples" */;
			compatibilityVersion = "Xcode 3.2";
			developmentRegion = English;
			hasScannedForEncodings = 0;
			knownRegions = (
				English,
				en,
				Base,
			);
			mainGroup = D95E1C381D88E71A00F94976;
			productRefGroup = D95E1C421D88E71A00F94976 /* Products */;
			projectDirPath = "";
			projectRoot = "";
			targets = (
				D95E1C401D88E71A00F94976 /* iOS Example */,
				B37840981D92CD7F008FE737 /* watchOS Example */,
				B37840A41D92CD7F008FE737 /* watchOS Example Extension */,
				B3D7C8741D931FEC0083D5B6 /* macOS Example */,
				B37840F01D932E3E008FE737 /* tvOS Example */,
			);
		};
/* End PBXProject section */

/* Begin PBXResourcesBuildPhase section */
		B37840971D92CD7F008FE737 /* Resources */ = {
			isa = PBXResourcesBuildPhase;
			buildActionMask = 2147483647;
			files = (
				B378409F1D92CD7F008FE737 /* Assets.xcassets in Resources */,
				B34D545723E3645C00C08B30 /* versions.plist in Resources */,
				B378409D1D92CD7F008FE737 /* Interface.storyboard in Resources */,
			);
			runOnlyForDeploymentPostprocessing = 0;
		};
		B37840A31D92CD7F008FE737 /* Resources */ = {
			isa = PBXResourcesBuildPhase;
			buildActionMask = 2147483647;
			files = (
				B37840AF1D92CD7F008FE737 /* Assets.xcassets in Resources */,
				B34D545823E3645C00C08B30 /* versions.plist in Resources */,
			);
			runOnlyForDeploymentPostprocessing = 0;
		};
		B37840EF1D932E3E008FE737 /* Resources */ = {
			isa = PBXResourcesBuildPhase;
			buildActionMask = 2147483647;
			files = (
				B37840FB1D932E3E008FE737 /* Assets.xcassets in Resources */,
				B34D545A23E3645C00C08B30 /* versions.plist in Resources */,
				B37840F91D932E3E008FE737 /* Main.storyboard in Resources */,
			);
			runOnlyForDeploymentPostprocessing = 0;
		};
		B3D7C8731D931FEC0083D5B6 /* Resources */ = {
			isa = PBXResourcesBuildPhase;
			buildActionMask = 2147483647;
			files = (
				B3D7C87C1D931FEC0083D5B6 /* Assets.xcassets in Resources */,
				B34D545923E3645C00C08B30 /* versions.plist in Resources */,
				B3D7C87F1D931FEC0083D5B6 /* Main.storyboard in Resources */,
			);
			runOnlyForDeploymentPostprocessing = 0;
		};
		D95E1C3F1D88E71A00F94976 /* Resources */ = {
			isa = PBXResourcesBuildPhase;
			buildActionMask = 2147483647;
			files = (
				D95E1C4F1D88E71A00F94976 /* LaunchScreen.storyboard in Resources */,
				B34D545623E3645C00C08B30 /* versions.plist in Resources */,
				D95E1C4C1D88E71A00F94976 /* Assets.xcassets in Resources */,
				D95E1C4A1D88E71A00F94976 /* Main.storyboard in Resources */,
			);
			runOnlyForDeploymentPostprocessing = 0;
		};
/* End PBXResourcesBuildPhase section */

/* Begin PBXShellScriptBuildPhase section */
		08DECD9A64C83B9250E39106 /* [CP] Embed Pods Frameworks */ = {
			isa = PBXShellScriptBuildPhase;
			buildActionMask = 2147483647;
			files = (
			);
			inputPaths = (
				"${PODS_ROOT}/Target Support Files/Pods-tvOS Example/Pods-tvOS Example-frameworks.sh",
				"${BUILT_PRODUCTS_DIR}/SwiftVer-tvOS/SwiftVer.framework",
			);
			name = "[CP] Embed Pods Frameworks";
			outputPaths = (
				"${TARGET_BUILD_DIR}/${FRAMEWORKS_FOLDER_PATH}/SwiftVer.framework",
			);
			runOnlyForDeploymentPostprocessing = 0;
			shellPath = /bin/sh;
			shellScript = "\"${PODS_ROOT}/Target Support Files/Pods-tvOS Example/Pods-tvOS Example-frameworks.sh\"\n";
			showEnvVarsInLog = 0;
		};
		3FF77BAFC5C2DA9653920DE5 /* [CP] Check Pods Manifest.lock */ = {
			isa = PBXShellScriptBuildPhase;
			buildActionMask = 2147483647;
			files = (
			);
			inputFileListPaths = (
			);
			inputPaths = (
				"${PODS_PODFILE_DIR_PATH}/Podfile.lock",
				"${PODS_ROOT}/Manifest.lock",
			);
			name = "[CP] Check Pods Manifest.lock";
			outputFileListPaths = (
			);
			outputPaths = (
				"$(DERIVED_FILE_DIR)/Pods-iOS Example-checkManifestLockResult.txt",
			);
			runOnlyForDeploymentPostprocessing = 0;
			shellPath = /bin/sh;
			shellScript = "diff \"${PODS_PODFILE_DIR_PATH}/Podfile.lock\" \"${PODS_ROOT}/Manifest.lock\" > /dev/null\nif [ $? != 0 ] ; then\n    # print error to STDERR\n    echo \"error: The sandbox is not in sync with the Podfile.lock. Run 'pod install' or update your CocoaPods installation.\" >&2\n    exit 1\nfi\n# This output is used by Xcode 'outputs' to avoid re-running this script phase.\necho \"SUCCESS\" > \"${SCRIPT_OUTPUT_FILE_0}\"\n";
			showEnvVarsInLog = 0;
		};
		4561057E47803E16B7414854 /* [CP] Check Pods Manifest.lock */ = {
			isa = PBXShellScriptBuildPhase;
			buildActionMask = 2147483647;
			files = (
			);
			inputFileListPaths = (
			);
			inputPaths = (
				"${PODS_PODFILE_DIR_PATH}/Podfile.lock",
				"${PODS_ROOT}/Manifest.lock",
			);
			name = "[CP] Check Pods Manifest.lock";
			outputFileListPaths = (
			);
			outputPaths = (
				"$(DERIVED_FILE_DIR)/Pods-watchOS Example-checkManifestLockResult.txt",
			);
			runOnlyForDeploymentPostprocessing = 0;
			shellPath = /bin/sh;
			shellScript = "diff \"${PODS_PODFILE_DIR_PATH}/Podfile.lock\" \"${PODS_ROOT}/Manifest.lock\" > /dev/null\nif [ $? != 0 ] ; then\n    # print error to STDERR\n    echo \"error: The sandbox is not in sync with the Podfile.lock. Run 'pod install' or update your CocoaPods installation.\" >&2\n    exit 1\nfi\n# This output is used by Xcode 'outputs' to avoid re-running this script phase.\necho \"SUCCESS\" > \"${SCRIPT_OUTPUT_FILE_0}\"\n";
			showEnvVarsInLog = 0;
		};
		486FFC48D617775EDD27A38E /* [CP] Embed Pods Frameworks */ = {
			isa = PBXShellScriptBuildPhase;
			buildActionMask = 2147483647;
			files = (
			);
			inputPaths = (
				"${PODS_ROOT}/Target Support Files/Pods-iOS Example/Pods-iOS Example-frameworks.sh",
				"${BUILT_PRODUCTS_DIR}/SwiftVer-iOS/SwiftVer.framework",
			);
			name = "[CP] Embed Pods Frameworks";
			outputPaths = (
				"${TARGET_BUILD_DIR}/${FRAMEWORKS_FOLDER_PATH}/SwiftVer.framework",
			);
			runOnlyForDeploymentPostprocessing = 0;
			shellPath = /bin/sh;
			shellScript = "\"${PODS_ROOT}/Target Support Files/Pods-iOS Example/Pods-iOS Example-frameworks.sh\"\n";
			showEnvVarsInLog = 0;
		};
		5601096BC743E0E2D9197514 /* [CP] Check Pods Manifest.lock */ = {
			isa = PBXShellScriptBuildPhase;
			buildActionMask = 2147483647;
			files = (
			);
			inputFileListPaths = (
			);
			inputPaths = (
				"${PODS_PODFILE_DIR_PATH}/Podfile.lock",
				"${PODS_ROOT}/Manifest.lock",
			);
			name = "[CP] Check Pods Manifest.lock";
			outputFileListPaths = (
			);
			outputPaths = (
				"$(DERIVED_FILE_DIR)/Pods-watchOS Example Extension-checkManifestLockResult.txt",
			);
			runOnlyForDeploymentPostprocessing = 0;
			shellPath = /bin/sh;
			shellScript = "diff \"${PODS_PODFILE_DIR_PATH}/Podfile.lock\" \"${PODS_ROOT}/Manifest.lock\" > /dev/null\nif [ $? != 0 ] ; then\n    # print error to STDERR\n    echo \"error: The sandbox is not in sync with the Podfile.lock. Run 'pod install' or update your CocoaPods installation.\" >&2\n    exit 1\nfi\n# This output is used by Xcode 'outputs' to avoid re-running this script phase.\necho \"SUCCESS\" > \"${SCRIPT_OUTPUT_FILE_0}\"\n";
			showEnvVarsInLog = 0;
		};
		84816CCD777EB7EAB079B80D /* [CP] Check Pods Manifest.lock */ = {
			isa = PBXShellScriptBuildPhase;
			buildActionMask = 2147483647;
			files = (
			);
			inputFileListPaths = (
			);
			inputPaths = (
				"${PODS_PODFILE_DIR_PATH}/Podfile.lock",
				"${PODS_ROOT}/Manifest.lock",
			);
			name = "[CP] Check Pods Manifest.lock";
			outputFileListPaths = (
			);
			outputPaths = (
				"$(DERIVED_FILE_DIR)/Pods-tvOS Example-checkManifestLockResult.txt",
			);
			runOnlyForDeploymentPostprocessing = 0;
			shellPath = /bin/sh;
			shellScript = "diff \"${PODS_PODFILE_DIR_PATH}/Podfile.lock\" \"${PODS_ROOT}/Manifest.lock\" > /dev/null\nif [ $? != 0 ] ; then\n    # print error to STDERR\n    echo \"error: The sandbox is not in sync with the Podfile.lock. Run 'pod install' or update your CocoaPods installation.\" >&2\n    exit 1\nfi\n# This output is used by Xcode 'outputs' to avoid re-running this script phase.\necho \"SUCCESS\" > \"${SCRIPT_OUTPUT_FILE_0}\"\n";
			showEnvVarsInLog = 0;
		};
		87A549DD9198F69053FC24B7 /* [CP] Embed Pods Frameworks */ = {
			isa = PBXShellScriptBuildPhase;
			buildActionMask = 2147483647;
			files = (
			);
			inputPaths = (
				"${PODS_ROOT}/Target Support Files/Pods-macOS Example/Pods-macOS Example-frameworks.sh",
				"${BUILT_PRODUCTS_DIR}/SwiftVer-macOS/SwiftVer.framework",
			);
			name = "[CP] Embed Pods Frameworks";
			outputPaths = (
				"${TARGET_BUILD_DIR}/${FRAMEWORKS_FOLDER_PATH}/SwiftVer.framework",
			);
			runOnlyForDeploymentPostprocessing = 0;
			shellPath = /bin/sh;
			shellScript = "\"${PODS_ROOT}/Target Support Files/Pods-macOS Example/Pods-macOS Example-frameworks.sh\"\n";
			showEnvVarsInLog = 0;
		};
		B340201E1D94654A006309EA /* ShellScript */ = {
			isa = PBXShellScriptBuildPhase;
			buildActionMask = 2147483647;
			files = (
			);
			inputPaths = (
			);
			outputPaths = (
			);
			runOnlyForDeploymentPostprocessing = 0;
			shellPath = /bin/sh;
			shellScript = "\"${SRCROOT}/Shared/autorevision/autorevision.sh\" -t swift > \"${SRCROOT}/Source/VCS.swift\"\n";
		};
		B37841061D932F45008FE737 /* ShellScript */ = {
			isa = PBXShellScriptBuildPhase;
			buildActionMask = 2147483647;
			files = (
			);
			inputPaths = (
			);
			outputPaths = (
			);
			runOnlyForDeploymentPostprocessing = 0;
			shellPath = /bin/sh;
			shellScript = "\"${SRCROOT}/Shared/autorevision/autorevision.sh\" -t swift > \"${SRCROOT}/Source/VCS.swift\"\n";
		};
		B3D7C88A1D9322D00083D5B6 /* ShellScript */ = {
			isa = PBXShellScriptBuildPhase;
			buildActionMask = 2147483647;
			files = (
			);
			inputPaths = (
			);
			outputPaths = (
			);
			runOnlyForDeploymentPostprocessing = 0;
			shellPath = /bin/sh;
			shellScript = "\"${SRCROOT}/Shared/autorevision/autorevision.sh\" -t swift > \"${SRCROOT}/Source/VCS.swift\"\n";
		};
		B3DA72621D91A1CD00C95C36 /* ShellScript */ = {
			isa = PBXShellScriptBuildPhase;
			buildActionMask = 2147483647;
			files = (
			);
			inputPaths = (
			);
			outputPaths = (
			);
			runOnlyForDeploymentPostprocessing = 0;
			shellPath = /bin/sh;
			shellScript = "\"${SRCROOT}/Shared/autorevision/autorevision.sh\" -t swift > \"${SRCROOT}/Source/VCS.swift\"\n";
		};
		C0E2FB3874E77479CC34202D /* [CP] Check Pods Manifest.lock */ = {
			isa = PBXShellScriptBuildPhase;
			buildActionMask = 2147483647;
			files = (
			);
			inputFileListPaths = (
			);
			inputPaths = (
				"${PODS_PODFILE_DIR_PATH}/Podfile.lock",
				"${PODS_ROOT}/Manifest.lock",
			);
			name = "[CP] Check Pods Manifest.lock";
			outputFileListPaths = (
			);
			outputPaths = (
				"$(DERIVED_FILE_DIR)/Pods-macOS Example-checkManifestLockResult.txt",
			);
			runOnlyForDeploymentPostprocessing = 0;
			shellPath = /bin/sh;
			shellScript = "diff \"${PODS_PODFILE_DIR_PATH}/Podfile.lock\" \"${PODS_ROOT}/Manifest.lock\" > /dev/null\nif [ $? != 0 ] ; then\n    # print error to STDERR\n    echo \"error: The sandbox is not in sync with the Podfile.lock. Run 'pod install' or update your CocoaPods installation.\" >&2\n    exit 1\nfi\n# This output is used by Xcode 'outputs' to avoid re-running this script phase.\necho \"SUCCESS\" > \"${SCRIPT_OUTPUT_FILE_0}\"\n";
			showEnvVarsInLog = 0;
		};
		CE2E39B4AE3E2098FC18D4D1 /* [CP] Embed Pods Frameworks */ = {
			isa = PBXShellScriptBuildPhase;
			buildActionMask = 2147483647;
			files = (
			);
			inputPaths = (
				"${PODS_ROOT}/Target Support Files/Pods-watchOS Example Extension/Pods-watchOS Example Extension-frameworks.sh",
				"${BUILT_PRODUCTS_DIR}/SwiftVer-watchOS/SwiftVer.framework",
			);
			name = "[CP] Embed Pods Frameworks";
			outputPaths = (
				"${TARGET_BUILD_DIR}/${FRAMEWORKS_FOLDER_PATH}/SwiftVer.framework",
			);
			runOnlyForDeploymentPostprocessing = 0;
			shellPath = /bin/sh;
			shellScript = "\"${PODS_ROOT}/Target Support Files/Pods-watchOS Example Extension/Pods-watchOS Example Extension-frameworks.sh\"\n";
			showEnvVarsInLog = 0;
		};
/* End PBXShellScriptBuildPhase section */

/* Begin PBXSourcesBuildPhase section */
		B37840A11D92CD7F008FE737 /* Sources */ = {
			isa = PBXSourcesBuildPhase;
			buildActionMask = 2147483647;
			files = (
				B37840BD1D92D0FC008FE737 /* RowController.swift in Sources */,
				B37840C01D92D19A008FE737 /* Version.Array.swift in Sources */,
				B37840C11D92D1C1008FE737 /* VCS.swift in Sources */,
				B37840AD1D92CD7F008FE737 /* ExtensionDelegate.swift in Sources */,
				B37840AB1D92CD7F008FE737 /* InterfaceController.swift in Sources */,
			);
			runOnlyForDeploymentPostprocessing = 0;
		};
		B37840ED1D932E3E008FE737 /* Sources */ = {
			isa = PBXSourcesBuildPhase;
			buildActionMask = 2147483647;
			files = (
				B37841041D932F31008FE737 /* VCS.swift in Sources */,
				B37841051D932F31008FE737 /* Version.Array.swift in Sources */,
				B37840F61D932E3E008FE737 /* ViewController.swift in Sources */,
				B37840F41D932E3E008FE737 /* AppDelegate.swift in Sources */,
			);
			runOnlyForDeploymentPostprocessing = 0;
		};
		B3D7C8711D931FEC0083D5B6 /* Sources */ = {
			isa = PBXSourcesBuildPhase;
			buildActionMask = 2147483647;
			files = (
				B3D7C88B1D9322E90083D5B6 /* VCS.swift in Sources */,
				B3D7C8841D9321FB0083D5B6 /* Version.Array.swift in Sources */,
				B3D7C87A1D931FEC0083D5B6 /* ViewController.swift in Sources */,
				B3D7C8781D931FEC0083D5B6 /* AppDelegate.swift in Sources */,
			);
			runOnlyForDeploymentPostprocessing = 0;
		};
		D95E1C3D1D88E71A00F94976 /* Sources */ = {
			isa = PBXSourcesBuildPhase;
			buildActionMask = 2147483647;
			files = (
				B3DA72611D91A19800C95C36 /* VCS.swift in Sources */,
				B37840BF1D92D19A008FE737 /* Version.Array.swift in Sources */,
				D95E1C471D88E71A00F94976 /* ViewController.swift in Sources */,
				D95E1C451D88E71A00F94976 /* AppDelegate.swift in Sources */,
			);
			runOnlyForDeploymentPostprocessing = 0;
		};
/* End PBXSourcesBuildPhase section */

/* Begin PBXTargetDependency section */
		B37840A81D92CD7F008FE737 /* PBXTargetDependency */ = {
			isa = PBXTargetDependency;
			target = B37840A41D92CD7F008FE737 /* watchOS Example Extension */;
			targetProxy = B37840A71D92CD7F008FE737 /* PBXContainerItemProxy */;
		};
		B37840B21D92CD7F008FE737 /* PBXTargetDependency */ = {
			isa = PBXTargetDependency;
			target = B37840981D92CD7F008FE737 /* watchOS Example */;
			targetProxy = B37840B11D92CD7F008FE737 /* PBXContainerItemProxy */;
		};
/* End PBXTargetDependency section */

/* Begin PBXVariantGroup section */
		B378409B1D92CD7F008FE737 /* Interface.storyboard */ = {
			isa = PBXVariantGroup;
			children = (
				B378409C1D92CD7F008FE737 /* Base */,
			);
			name = Interface.storyboard;
			sourceTree = "<group>";
		};
		B37840F71D932E3E008FE737 /* Main.storyboard */ = {
			isa = PBXVariantGroup;
			children = (
				B37840F81D932E3E008FE737 /* Base */,
			);
			name = Main.storyboard;
			sourceTree = "<group>";
		};
		B3D7C87D1D931FEC0083D5B6 /* Main.storyboard */ = {
			isa = PBXVariantGroup;
			children = (
				B3D7C87E1D931FEC0083D5B6 /* Base */,
			);
			name = Main.storyboard;
			sourceTree = "<group>";
		};
		D95E1C481D88E71A00F94976 /* Main.storyboard */ = {
			isa = PBXVariantGroup;
			children = (
				D95E1C491D88E71A00F94976 /* Base */,
			);
			name = Main.storyboard;
			sourceTree = "<group>";
		};
		D95E1C4D1D88E71A00F94976 /* LaunchScreen.storyboard */ = {
			isa = PBXVariantGroup;
			children = (
				D95E1C4E1D88E71A00F94976 /* Base */,
			);
			name = LaunchScreen.storyboard;
			sourceTree = "<group>";
		};
/* End PBXVariantGroup section */

/* Begin XCBuildConfiguration section */
		B37840B41D92CD7F008FE737 /* Debug */ = {
			isa = XCBuildConfiguration;
			baseConfigurationReference = EE0FBD047B18B5145E0A417F /* Pods-watchOS Example.debug.xcconfig */;
			buildSettings = {
				ALWAYS_EMBED_SWIFT_STANDARD_LIBRARIES = YES;
				ASSETCATALOG_COMPILER_APPICON_NAME = AppIcon;
				DEVELOPMENT_TEAM = "";
				IBSC_MODULE = watchOS_Example_Extension;
				INFOPLIST_FILE = "watchOS Example/Info.plist";
				PRODUCT_BUNDLE_IDENTIFIER = "com.brightdigit.iOS-Example.watchkitapp";
				PRODUCT_NAME = "$(TARGET_NAME)";
				SDKROOT = watchos;
				SKIP_INSTALL = YES;
				TARGETED_DEVICE_FAMILY = 4;
				WATCHOS_DEPLOYMENT_TARGET = 2.0;
			};
			name = Debug;
		};
		B37840B51D92CD7F008FE737 /* Release */ = {
			isa = XCBuildConfiguration;
			baseConfigurationReference = 14EDFA9B6027F153D60DE6C7 /* Pods-watchOS Example.release.xcconfig */;
			buildSettings = {
				ALWAYS_EMBED_SWIFT_STANDARD_LIBRARIES = YES;
				ASSETCATALOG_COMPILER_APPICON_NAME = AppIcon;
				DEVELOPMENT_TEAM = "";
				IBSC_MODULE = watchOS_Example_Extension;
				INFOPLIST_FILE = "watchOS Example/Info.plist";
				PRODUCT_BUNDLE_IDENTIFIER = "com.brightdigit.iOS-Example.watchkitapp";
				PRODUCT_NAME = "$(TARGET_NAME)";
				SDKROOT = watchos;
				SKIP_INSTALL = YES;
				TARGETED_DEVICE_FAMILY = 4;
				WATCHOS_DEPLOYMENT_TARGET = 2.0;
			};
			name = Release;
		};
		B37840B61D92CD7F008FE737 /* Debug */ = {
			isa = XCBuildConfiguration;
			baseConfigurationReference = 26CBE885A90EA2C8B34FB210 /* Pods-watchOS Example Extension.debug.xcconfig */;
			buildSettings = {
				ASSETCATALOG_COMPILER_COMPLICATION_NAME = Complication;
				DEVELOPMENT_TEAM = "";
				INFOPLIST_FILE = "watchOS Example Extension/Info.plist";
				LD_RUNPATH_SEARCH_PATHS = "$(inherited) @executable_path/Frameworks @executable_path/../../Frameworks";
				PRODUCT_BUNDLE_IDENTIFIER = "com.brightdigit.iOS-Example.watchkitapp.watchkitextension";
				PRODUCT_NAME = "${TARGET_NAME}";
				SDKROOT = watchos;
				SKIP_INSTALL = YES;
				TARGETED_DEVICE_FAMILY = 4;
				WATCHOS_DEPLOYMENT_TARGET = 2.0;
			};
			name = Debug;
		};
		B37840B71D92CD7F008FE737 /* Release */ = {
			isa = XCBuildConfiguration;
			baseConfigurationReference = 0A04251099EEA9305D9B08B1 /* Pods-watchOS Example Extension.release.xcconfig */;
			buildSettings = {
				ASSETCATALOG_COMPILER_COMPLICATION_NAME = Complication;
				DEVELOPMENT_TEAM = "";
				INFOPLIST_FILE = "watchOS Example Extension/Info.plist";
				LD_RUNPATH_SEARCH_PATHS = "$(inherited) @executable_path/Frameworks @executable_path/../../Frameworks";
				PRODUCT_BUNDLE_IDENTIFIER = "com.brightdigit.iOS-Example.watchkitapp.watchkitextension";
				PRODUCT_NAME = "${TARGET_NAME}";
				SDKROOT = watchos;
				SKIP_INSTALL = YES;
				TARGETED_DEVICE_FAMILY = 4;
				WATCHOS_DEPLOYMENT_TARGET = 2.0;
			};
			name = Release;
		};
		B37840FD1D932E3E008FE737 /* Debug */ = {
			isa = XCBuildConfiguration;
			baseConfigurationReference = 33778E3E335F72E2872991C8 /* Pods-tvOS Example.debug.xcconfig */;
			buildSettings = {
				ASSETCATALOG_COMPILER_APPICON_NAME = "App Icon & Top Shelf Image";
				ASSETCATALOG_COMPILER_LAUNCHIMAGE_NAME = LaunchImage;
				CODE_SIGN_IDENTITY = "Apple Development";
				CODE_SIGN_STYLE = Manual;
				DEVELOPMENT_TEAM = "";
				INFOPLIST_FILE = "tvOS Example/Info.plist";
				LD_RUNPATH_SEARCH_PATHS = "$(inherited) @executable_path/Frameworks";
				PRODUCT_BUNDLE_IDENTIFIER = "com.brightdigit.tvOS-Example";
				PRODUCT_NAME = "$(TARGET_NAME)";
				PROVISIONING_PROFILE_SPECIFIER = "";
				SDKROOT = appletvos;
				TARGETED_DEVICE_FAMILY = 3;
				TVOS_DEPLOYMENT_TARGET = 9.0;
			};
			name = Debug;
		};
		B37840FE1D932E3E008FE737 /* Release */ = {
			isa = XCBuildConfiguration;
			baseConfigurationReference = C8F7B60F80B88EFF6BF5B6F1 /* Pods-tvOS Example.release.xcconfig */;
			buildSettings = {
				ASSETCATALOG_COMPILER_APPICON_NAME = "App Icon & Top Shelf Image";
				ASSETCATALOG_COMPILER_LAUNCHIMAGE_NAME = LaunchImage;
				CODE_SIGN_IDENTITY = "Apple Development";
				CODE_SIGN_STYLE = Manual;
				DEVELOPMENT_TEAM = "";
				INFOPLIST_FILE = "tvOS Example/Info.plist";
				LD_RUNPATH_SEARCH_PATHS = "$(inherited) @executable_path/Frameworks";
				PRODUCT_BUNDLE_IDENTIFIER = "com.brightdigit.tvOS-Example";
				PRODUCT_NAME = "$(TARGET_NAME)";
				PROVISIONING_PROFILE_SPECIFIER = "";
				SDKROOT = appletvos;
				TARGETED_DEVICE_FAMILY = 3;
				TVOS_DEPLOYMENT_TARGET = 9.0;
			};
			name = Release;
		};
		B3D7C8811D931FEC0083D5B6 /* Debug */ = {
			isa = XCBuildConfiguration;
			baseConfigurationReference = E6143C60BA464F9B89E58487 /* Pods-macOS Example.debug.xcconfig */;
			buildSettings = {
				ASSETCATALOG_COMPILER_APPICON_NAME = AppIcon;
				CODE_SIGN_IDENTITY = "Apple Development";
				CODE_SIGN_STYLE = Automatic;
				COMBINE_HIDPI_IMAGES = YES;
				DEVELOPMENT_TEAM = MLT7M394S7;
				INFOPLIST_FILE = "macOS Example/Info.plist";
				LD_RUNPATH_SEARCH_PATHS = "$(inherited) @executable_path/../Frameworks";
				PRODUCT_BUNDLE_IDENTIFIER = "com.brightdigit.macOS-Example";
				PRODUCT_NAME = "$(TARGET_NAME)";
				PROVISIONING_PROFILE_SPECIFIER = "";
				SDKROOT = macosx;
			};
			name = Debug;
		};
		B3D7C8821D931FEC0083D5B6 /* Release */ = {
			isa = XCBuildConfiguration;
			baseConfigurationReference = 91CDB837B9883524B24D3E74 /* Pods-macOS Example.release.xcconfig */;
			buildSettings = {
				ASSETCATALOG_COMPILER_APPICON_NAME = AppIcon;
				CODE_SIGN_IDENTITY = "Apple Development";
				CODE_SIGN_STYLE = Automatic;
				COMBINE_HIDPI_IMAGES = YES;
				DEVELOPMENT_TEAM = MLT7M394S7;
				INFOPLIST_FILE = "macOS Example/Info.plist";
				LD_RUNPATH_SEARCH_PATHS = "$(inherited) @executable_path/../Frameworks";
				PRODUCT_BUNDLE_IDENTIFIER = "com.brightdigit.macOS-Example";
				PRODUCT_NAME = "$(TARGET_NAME)";
				PROVISIONING_PROFILE_SPECIFIER = "";
				SDKROOT = macosx;
			};
			name = Release;
		};
		D95E1C511D88E71A00F94976 /* Debug */ = {
			isa = XCBuildConfiguration;
			buildSettings = {
				ALWAYS_SEARCH_USER_PATHS = NO;
				BUILD_NUMBER = 20;
				CLANG_ANALYZER_NONNULL = YES;
				CLANG_CXX_LANGUAGE_STANDARD = "gnu++0x";
				CLANG_CXX_LIBRARY = "libc++";
				CLANG_ENABLE_MODULES = YES;
				CLANG_ENABLE_OBJC_ARC = YES;
				CLANG_WARN_BOOL_CONVERSION = YES;
				CLANG_WARN_CONSTANT_CONVERSION = YES;
				CLANG_WARN_DIRECT_OBJC_ISA_USAGE = YES_ERROR;
				CLANG_WARN_DOCUMENTATION_COMMENTS = YES;
				CLANG_WARN_EMPTY_BODY = YES;
				CLANG_WARN_ENUM_CONVERSION = YES;
				CLANG_WARN_INFINITE_RECURSION = YES;
				CLANG_WARN_INT_CONVERSION = YES;
				CLANG_WARN_OBJC_ROOT_CLASS = YES_ERROR;
				CLANG_WARN_SUSPICIOUS_MOVES = YES;
				CLANG_WARN_UNREACHABLE_CODE = YES;
				CLANG_WARN__DUPLICATE_METHOD_MATCH = YES;
				"CODE_SIGN_IDENTITY[sdk=iphoneos*]" = "iPhone Developer";
				COPY_PHASE_STRIP = NO;
				DEBUG_INFORMATION_FORMAT = dwarf;
				ENABLE_STRICT_OBJC_MSGSEND = YES;
				ENABLE_TESTABILITY = YES;
				GCC_C_LANGUAGE_STANDARD = gnu99;
				GCC_DYNAMIC_NO_PIC = NO;
				GCC_NO_COMMON_BLOCKS = YES;
				GCC_OPTIMIZATION_LEVEL = 0;
				GCC_PREPROCESSOR_DEFINITIONS = (
					"DEBUG=1",
					"$(inherited)",
				);
				GCC_WARN_64_TO_32_BIT_CONVERSION = YES;
				GCC_WARN_ABOUT_RETURN_TYPE = YES_ERROR;
				GCC_WARN_UNDECLARED_SELECTOR = YES;
				GCC_WARN_UNINITIALIZED_AUTOS = YES_AGGRESSIVE;
				GCC_WARN_UNUSED_FUNCTION = YES;
				GCC_WARN_UNUSED_VARIABLE = YES;
				IPHONEOS_DEPLOYMENT_TARGET = 8.4;
				MACOSX_DEPLOYMENT_TARGET = 10.10;
				MTL_ENABLE_DEBUG_INFO = YES;
				ONLY_ACTIVE_ARCH = YES;
				SDKROOT = iphoneos;
				SEMVER = 2.0.0;
				SWIFT_ACTIVE_COMPILATION_CONDITIONS = DEBUG;
				SWIFT_OPTIMIZATION_LEVEL = "-Onone";
				SWIFT_VERSION = 5.0;
				TARGETED_DEVICE_FAMILY = "1,2";
			};
			name = Debug;
		};
		D95E1C521D88E71A00F94976 /* Release */ = {
			isa = XCBuildConfiguration;
			buildSettings = {
				ALWAYS_SEARCH_USER_PATHS = NO;
				BUILD_NUMBER = 20;
				CLANG_ANALYZER_NONNULL = YES;
				CLANG_CXX_LANGUAGE_STANDARD = "gnu++0x";
				CLANG_CXX_LIBRARY = "libc++";
				CLANG_ENABLE_MODULES = YES;
				CLANG_ENABLE_OBJC_ARC = YES;
				CLANG_WARN_BOOL_CONVERSION = YES;
				CLANG_WARN_CONSTANT_CONVERSION = YES;
				CLANG_WARN_DIRECT_OBJC_ISA_USAGE = YES_ERROR;
				CLANG_WARN_DOCUMENTATION_COMMENTS = YES;
				CLANG_WARN_EMPTY_BODY = YES;
				CLANG_WARN_ENUM_CONVERSION = YES;
				CLANG_WARN_INFINITE_RECURSION = YES;
				CLANG_WARN_INT_CONVERSION = YES;
				CLANG_WARN_OBJC_ROOT_CLASS = YES_ERROR;
				CLANG_WARN_SUSPICIOUS_MOVES = YES;
				CLANG_WARN_UNREACHABLE_CODE = YES;
				CLANG_WARN__DUPLICATE_METHOD_MATCH = YES;
				"CODE_SIGN_IDENTITY[sdk=iphoneos*]" = "iPhone Developer";
				COPY_PHASE_STRIP = NO;
				DEBUG_INFORMATION_FORMAT = "dwarf-with-dsym";
				ENABLE_NS_ASSERTIONS = NO;
				ENABLE_STRICT_OBJC_MSGSEND = YES;
				GCC_C_LANGUAGE_STANDARD = gnu99;
				GCC_NO_COMMON_BLOCKS = YES;
				GCC_WARN_64_TO_32_BIT_CONVERSION = YES;
				GCC_WARN_ABOUT_RETURN_TYPE = YES_ERROR;
				GCC_WARN_UNDECLARED_SELECTOR = YES;
				GCC_WARN_UNINITIALIZED_AUTOS = YES_AGGRESSIVE;
				GCC_WARN_UNUSED_FUNCTION = YES;
				GCC_WARN_UNUSED_VARIABLE = YES;
				IPHONEOS_DEPLOYMENT_TARGET = 8.4;
				MACOSX_DEPLOYMENT_TARGET = 10.10;
				MTL_ENABLE_DEBUG_INFO = NO;
				SDKROOT = iphoneos;
				SEMVER = 2.0.0;
				SWIFT_OPTIMIZATION_LEVEL = "-Owholemodule";
				SWIFT_VERSION = 5.0;
				TARGETED_DEVICE_FAMILY = "1,2";
				VALIDATE_PRODUCT = YES;
			};
			name = Release;
		};
		D95E1C541D88E71A00F94976 /* Debug */ = {
			isa = XCBuildConfiguration;
			baseConfigurationReference = 1B646049CA5DA281E7D5552B /* Pods-iOS Example.debug.xcconfig */;
			buildSettings = {
				ASSETCATALOG_COMPILER_APPICON_NAME = AppIcon;
				CODE_SIGN_IDENTITY = "Apple Development";
				CODE_SIGN_STYLE = Manual;
				DEVELOPMENT_TEAM = "";
				INFOPLIST_FILE = Source/Info.plist;
				LD_RUNPATH_SEARCH_PATHS = "$(inherited) @executable_path/Frameworks";
				PRODUCT_BUNDLE_IDENTIFIER = "com.brightdigit.iOS-Example";
				PRODUCT_NAME = "$(TARGET_NAME)";
				PROVISIONING_PROFILE_SPECIFIER = "";
			};
			name = Debug;
		};
		D95E1C551D88E71A00F94976 /* Release */ = {
			isa = XCBuildConfiguration;
			baseConfigurationReference = 920A89F94E8AA474C3F8A075 /* Pods-iOS Example.release.xcconfig */;
			buildSettings = {
				ASSETCATALOG_COMPILER_APPICON_NAME = AppIcon;
				CODE_SIGN_IDENTITY = "Apple Development";
				CODE_SIGN_STYLE = Manual;
				DEVELOPMENT_TEAM = "";
				INFOPLIST_FILE = Source/Info.plist;
				LD_RUNPATH_SEARCH_PATHS = "$(inherited) @executable_path/Frameworks";
				PRODUCT_BUNDLE_IDENTIFIER = "com.brightdigit.iOS-Example";
				PRODUCT_NAME = "$(TARGET_NAME)";
				PROVISIONING_PROFILE_SPECIFIER = "";
			};
			name = Release;
		};
/* End XCBuildConfiguration section */

/* Begin XCConfigurationList section */
		B37840B81D92CD7F008FE737 /* Build configuration list for PBXNativeTarget "watchOS Example Extension" */ = {
			isa = XCConfigurationList;
			buildConfigurations = (
				B37840B61D92CD7F008FE737 /* Debug */,
				B37840B71D92CD7F008FE737 /* Release */,
			);
			defaultConfigurationIsVisible = 0;
			defaultConfigurationName = Release;
		};
		B37840BA1D92CD7F008FE737 /* Build configuration list for PBXNativeTarget "watchOS Example" */ = {
			isa = XCConfigurationList;
			buildConfigurations = (
				B37840B41D92CD7F008FE737 /* Debug */,
				B37840B51D92CD7F008FE737 /* Release */,
			);
			defaultConfigurationIsVisible = 0;
			defaultConfigurationName = Release;
		};
		B37840FF1D932E3E008FE737 /* Build configuration list for PBXNativeTarget "tvOS Example" */ = {
			isa = XCConfigurationList;
			buildConfigurations = (
				B37840FD1D932E3E008FE737 /* Debug */,
				B37840FE1D932E3E008FE737 /* Release */,
			);
			defaultConfigurationIsVisible = 0;
			defaultConfigurationName = Release;
		};
		B3D7C8831D931FEC0083D5B6 /* Build configuration list for PBXNativeTarget "macOS Example" */ = {
			isa = XCConfigurationList;
			buildConfigurations = (
				B3D7C8811D931FEC0083D5B6 /* Debug */,
				B3D7C8821D931FEC0083D5B6 /* Release */,
			);
			defaultConfigurationIsVisible = 0;
			defaultConfigurationName = Release;
		};
		D95E1C3C1D88E71A00F94976 /* Build configuration list for PBXProject "Examples" */ = {
			isa = XCConfigurationList;
			buildConfigurations = (
				D95E1C511D88E71A00F94976 /* Debug */,
				D95E1C521D88E71A00F94976 /* Release */,
			);
			defaultConfigurationIsVisible = 0;
			defaultConfigurationName = Release;
		};
		D95E1C531D88E71A00F94976 /* Build configuration list for PBXNativeTarget "iOS Example" */ = {
			isa = XCConfigurationList;
			buildConfigurations = (
				D95E1C541D88E71A00F94976 /* Debug */,
				D95E1C551D88E71A00F94976 /* Release */,
			);
			defaultConfigurationIsVisible = 0;
			defaultConfigurationName = Release;
		};
/* End XCConfigurationList section */
	};
	rootObject = D95E1C391D88E71A00F94976 /* Project object */;
}
